
Microsoft Visual Studio Solution File, Format Version 12.00
# Visual Studio Version 16
VisualStudioVersion = 16.0.30104.148
MinimumVisualStudioVersion = 10.0.40219.1
Project("{FAE04EC0-301F-11D3-BF4B-00C04F79EFBC}") = "TrainingUWP", "TreinamentoUWP\TrainingUWP.csproj", "{060BC2EE-3B48-4D45-B73B-0F0DD0BD857E}"
EndProject
Project("{9A19103F-16F7-4668-BE54-9A1E7A4F7556}") = "Info", "Info\Info.csproj", "{C94804D5-F866-4228-A647-88FE7927927A}"
EndProject
Project("{2150E333-8FDC-42A3-9474-1A3956D46DE8}") = "MVVM", "MVVM", "{79012157-9A21-4FC8-BA4B-54F880651087}"
EndProject
Project("{FAE04EC0-301F-11D3-BF4B-00C04F79EFBC}") = "AppMVVM", "AppMVVM\AppMVVM.csproj", "{5FC928BC-1CB7-40EC-A14B-7DFF0EC729E0}"
EndProject
Project("{2150E333-8FDC-42A3-9474-1A3956D46DE8}") = "UserControl", "UserControl", "{11F3E572-0663-40BB-BF5A-8A0934A9B1C7}"
EndProject
Project("{FAE04EC0-301F-11D3-BF4B-00C04F79EFBC}") = "AppUserControl", "AppUserControl\AppUserControl.csproj", "{EB4F4D1D-B1B8-4D7C-B13F-FB1B35174578}"
EndProject
Project("{FAE04EC0-301F-11D3-BF4B-00C04F79EFBC}") = "AppAdaptiveUI", "AppAdaptiveUI\AppAdaptiveUI.csproj", "{5585EC86-CAA6-46BF-926F-A87D881F98E2}"
EndProject
Project("{2150E333-8FDC-42A3-9474-1A3956D46DE8}") = "AdaptiveUI", "AdaptiveUI", "{999C51A8-565B-40C6-97D1-52624923DD81}"
EndProject
Global
	GlobalSection(SolutionConfigurationPlatforms) = preSolution
		Debug|Any CPU = Debug|Any CPU
		Debug|ARM = Debug|ARM
		Debug|ARM64 = Debug|ARM64
		Debug|x64 = Debug|x64
		Debug|x86 = Debug|x86
		Release|Any CPU = Release|Any CPU
		Release|ARM = Release|ARM
		Release|ARM64 = Release|ARM64
		Release|x64 = Release|x64
		Release|x86 = Release|x86
	EndGlobalSection
	GlobalSection(ProjectConfigurationPlatforms) = postSolution
		{060BC2EE-3B48-4D45-B73B-0F0DD0BD857E}.Debug|Any CPU.ActiveCfg = Debug|x86
		{060BC2EE-3B48-4D45-B73B-0F0DD0BD857E}.Debug|ARM.ActiveCfg = Debug|ARM
		{060BC2EE-3B48-4D45-B73B-0F0DD0BD857E}.Debug|ARM.Build.0 = Debug|ARM
		{060BC2EE-3B48-4D45-B73B-0F0DD0BD857E}.Debug|ARM.Deploy.0 = Debug|ARM
		{060BC2EE-3B48-4D45-B73B-0F0DD0BD857E}.Debug|ARM64.ActiveCfg = Debug|ARM64
		{060BC2EE-3B48-4D45-B73B-0F0DD0BD857E}.Debug|ARM64.Build.0 = Debug|ARM64
		{060BC2EE-3B48-4D45-B73B-0F0DD0BD857E}.Debug|ARM64.Deploy.0 = Debug|ARM64
		{060BC2EE-3B48-4D45-B73B-0F0DD0BD857E}.Debug|x64.ActiveCfg = Debug|x64
		{060BC2EE-3B48-4D45-B73B-0F0DD0BD857E}.Debug|x64.Build.0 = Debug|x64
		{060BC2EE-3B48-4D45-B73B-0F0DD0BD857E}.Debug|x64.Deploy.0 = Debug|x64
		{060BC2EE-3B48-4D45-B73B-0F0DD0BD857E}.Debug|x86.ActiveCfg = Debug|x86
		{060BC2EE-3B48-4D45-B73B-0F0DD0BD857E}.Debug|x86.Build.0 = Debug|x86
		{060BC2EE-3B48-4D45-B73B-0F0DD0BD857E}.Debug|x86.Deploy.0 = Debug|x86
		{060BC2EE-3B48-4D45-B73B-0F0DD0BD857E}.Release|Any CPU.ActiveCfg = Release|x86
		{060BC2EE-3B48-4D45-B73B-0F0DD0BD857E}.Release|ARM.ActiveCfg = Release|ARM
		{060BC2EE-3B48-4D45-B73B-0F0DD0BD857E}.Release|ARM.Build.0 = Release|ARM
		{060BC2EE-3B48-4D45-B73B-0F0DD0BD857E}.Release|ARM.Deploy.0 = Release|ARM
		{060BC2EE-3B48-4D45-B73B-0F0DD0BD857E}.Release|ARM64.ActiveCfg = Release|ARM64
		{060BC2EE-3B48-4D45-B73B-0F0DD0BD857E}.Release|ARM64.Build.0 = Release|ARM64
		{060BC2EE-3B48-4D45-B73B-0F0DD0BD857E}.Release|ARM64.Deploy.0 = Release|ARM64
		{060BC2EE-3B48-4D45-B73B-0F0DD0BD857E}.Release|x64.ActiveCfg = Release|x64
		{060BC2EE-3B48-4D45-B73B-0F0DD0BD857E}.Release|x64.Build.0 = Release|x64
		{060BC2EE-3B48-4D45-B73B-0F0DD0BD857E}.Release|x64.Deploy.0 = Release|x64
		{060BC2EE-3B48-4D45-B73B-0F0DD0BD857E}.Release|x86.ActiveCfg = Release|x86
		{060BC2EE-3B48-4D45-B73B-0F0DD0BD857E}.Release|x86.Build.0 = Release|x86
		{060BC2EE-3B48-4D45-B73B-0F0DD0BD857E}.Release|x86.Deploy.0 = Release|x86
		{C94804D5-F866-4228-A647-88FE7927927A}.Debug|Any CPU.ActiveCfg = Debug|Any CPU
		{C94804D5-F866-4228-A647-88FE7927927A}.Debug|Any CPU.Build.0 = Debug|Any CPU
		{C94804D5-F866-4228-A647-88FE7927927A}.Debug|ARM.ActiveCfg = Debug|Any CPU
		{C94804D5-F866-4228-A647-88FE7927927A}.Debug|ARM.Build.0 = Debug|Any CPU
		{C94804D5-F866-4228-A647-88FE7927927A}.Debug|ARM64.ActiveCfg = Debug|Any CPU
		{C94804D5-F866-4228-A647-88FE7927927A}.Debug|ARM64.Build.0 = Debug|Any CPU
		{C94804D5-F866-4228-A647-88FE7927927A}.Debug|x64.ActiveCfg = Debug|Any CPU
		{C94804D5-F866-4228-A647-88FE7927927A}.Debug|x64.Build.0 = Debug|Any CPU
		{C94804D5-F866-4228-A647-88FE7927927A}.Debug|x86.ActiveCfg = Debug|Any CPU
		{C94804D5-F866-4228-A647-88FE7927927A}.Debug|x86.Build.0 = Debug|Any CPU
		{C94804D5-F866-4228-A647-88FE7927927A}.Release|Any CPU.ActiveCfg = Release|Any CPU
		{C94804D5-F866-4228-A647-88FE7927927A}.Release|Any CPU.Build.0 = Release|Any CPU
		{C94804D5-F866-4228-A647-88FE7927927A}.Release|ARM.ActiveCfg = Release|Any CPU
		{C94804D5-F866-4228-A647-88FE7927927A}.Release|ARM.Build.0 = Release|Any CPU
		{C94804D5-F866-4228-A647-88FE7927927A}.Release|ARM64.ActiveCfg = Release|Any CPU
		{C94804D5-F866-4228-A647-88FE7927927A}.Release|ARM64.Build.0 = Release|Any CPU
		{C94804D5-F866-4228-A647-88FE7927927A}.Release|x64.ActiveCfg = Release|Any CPU
		{C94804D5-F866-4228-A647-88FE7927927A}.Release|x64.Build.0 = Release|Any CPU
		{C94804D5-F866-4228-A647-88FE7927927A}.Release|x86.ActiveCfg = Release|Any CPU
		{C94804D5-F866-4228-A647-88FE7927927A}.Release|x86.Build.0 = Release|Any CPU
		{5FC928BC-1CB7-40EC-A14B-7DFF0EC729E0}.Debug|Any CPU.ActiveCfg = Debug|x86
		{5FC928BC-1CB7-40EC-A14B-7DFF0EC729E0}.Debug|ARM.ActiveCfg = Debug|ARM
		{5FC928BC-1CB7-40EC-A14B-7DFF0EC729E0}.Debug|ARM.Build.0 = Debug|ARM
		{5FC928BC-1CB7-40EC-A14B-7DFF0EC729E0}.Debug|ARM.Deploy.0 = Debug|ARM
		{5FC928BC-1CB7-40EC-A14B-7DFF0EC729E0}.Debug|ARM64.ActiveCfg = Debug|ARM64
		{5FC928BC-1CB7-40EC-A14B-7DFF0EC729E0}.Debug|ARM64.Build.0 = Debug|ARM64
		{5FC928BC-1CB7-40EC-A14B-7DFF0EC729E0}.Debug|ARM64.Deploy.0 = Debug|ARM64
		{5FC928BC-1CB7-40EC-A14B-7DFF0EC729E0}.Debug|x64.ActiveCfg = Debug|x64
		{5FC928BC-1CB7-40EC-A14B-7DFF0EC729E0}.Debug|x64.Build.0 = Debug|x64
		{5FC928BC-1CB7-40EC-A14B-7DFF0EC729E0}.Debug|x64.Deploy.0 = Debug|x64
		{5FC928BC-1CB7-40EC-A14B-7DFF0EC729E0}.Debug|x86.ActiveCfg = Debug|x86
		{5FC928BC-1CB7-40EC-A14B-7DFF0EC729E0}.Debug|x86.Build.0 = Debug|x86
		{5FC928BC-1CB7-40EC-A14B-7DFF0EC729E0}.Debug|x86.Deploy.0 = Debug|x86
		{5FC928BC-1CB7-40EC-A14B-7DFF0EC729E0}.Release|Any CPU.ActiveCfg = Release|x86
		{5FC928BC-1CB7-40EC-A14B-7DFF0EC729E0}.Release|ARM.ActiveCfg = Release|ARM
		{5FC928BC-1CB7-40EC-A14B-7DFF0EC729E0}.Release|ARM.Build.0 = Release|ARM
		{5FC928BC-1CB7-40EC-A14B-7DFF0EC729E0}.Release|ARM.Deploy.0 = Release|ARM
		{5FC928BC-1CB7-40EC-A14B-7DFF0EC729E0}.Release|ARM64.ActiveCfg = Release|ARM64
		{5FC928BC-1CB7-40EC-A14B-7DFF0EC729E0}.Release|ARM64.Build.0 = Release|ARM64
		{5FC928BC-1CB7-40EC-A14B-7DFF0EC729E0}.Release|ARM64.Deploy.0 = Release|ARM64
		{5FC928BC-1CB7-40EC-A14B-7DFF0EC729E0}.Release|x64.ActiveCfg = Release|x64
		{5FC928BC-1CB7-40EC-A14B-7DFF0EC729E0}.Release|x64.Build.0 = Release|x64
		{5FC928BC-1CB7-40EC-A14B-7DFF0EC729E0}.Release|x64.Deploy.0 = Release|x64
		{5FC928BC-1CB7-40EC-A14B-7DFF0EC729E0}.Release|x86.ActiveCfg = Release|x86
		{5FC928BC-1CB7-40EC-A14B-7DFF0EC729E0}.Release|x86.Build.0 = Release|x86
		{5FC928BC-1CB7-40EC-A14B-7DFF0EC729E0}.Release|x86.Deploy.0 = Release|x86
		{EB4F4D1D-B1B8-4D7C-B13F-FB1B35174578}.Debug|Any CPU.ActiveCfg = Debug|x86
		{EB4F4D1D-B1B8-4D7C-B13F-FB1B35174578}.Debug|ARM.ActiveCfg = Debug|ARM
		{EB4F4D1D-B1B8-4D7C-B13F-FB1B35174578}.Debug|ARM.Build.0 = Debug|ARM
		{EB4F4D1D-B1B8-4D7C-B13F-FB1B35174578}.Debug|ARM.Deploy.0 = Debug|ARM
		{EB4F4D1D-B1B8-4D7C-B13F-FB1B35174578}.Debug|ARM64.ActiveCfg = Debug|ARM64
		{EB4F4D1D-B1B8-4D7C-B13F-FB1B35174578}.Debug|ARM64.Build.0 = Debug|ARM64
		{EB4F4D1D-B1B8-4D7C-B13F-FB1B35174578}.Debug|ARM64.Deploy.0 = Debug|ARM64
		{EB4F4D1D-B1B8-4D7C-B13F-FB1B35174578}.Debug|x64.ActiveCfg = Debug|x64
		{EB4F4D1D-B1B8-4D7C-B13F-FB1B35174578}.Debug|x64.Build.0 = Debug|x64
		{EB4F4D1D-B1B8-4D7C-B13F-FB1B35174578}.Debug|x64.Deploy.0 = Debug|x64
		{EB4F4D1D-B1B8-4D7C-B13F-FB1B35174578}.Debug|x86.ActiveCfg = Debug|x86
		{EB4F4D1D-B1B8-4D7C-B13F-FB1B35174578}.Debug|x86.Build.0 = Debug|x86
		{EB4F4D1D-B1B8-4D7C-B13F-FB1B35174578}.Debug|x86.Deploy.0 = Debug|x86
		{EB4F4D1D-B1B8-4D7C-B13F-FB1B35174578}.Release|Any CPU.ActiveCfg = Release|x86
		{EB4F4D1D-B1B8-4D7C-B13F-FB1B35174578}.Release|ARM.ActiveCfg = Release|ARM
		{EB4F4D1D-B1B8-4D7C-B13F-FB1B35174578}.Release|ARM.Build.0 = Release|ARM
		{EB4F4D1D-B1B8-4D7C-B13F-FB1B35174578}.Release|ARM.Deploy.0 = Release|ARM
		{EB4F4D1D-B1B8-4D7C-B13F-FB1B35174578}.Release|ARM64.ActiveCfg = Release|ARM64
		{EB4F4D1D-B1B8-4D7C-B13F-FB1B35174578}.Release|ARM64.Build.0 = Release|ARM64
		{EB4F4D1D-B1B8-4D7C-B13F-FB1B35174578}.Release|ARM64.Deploy.0 = Release|ARM64
		{EB4F4D1D-B1B8-4D7C-B13F-FB1B35174578}.Release|x64.ActiveCfg = Release|x64
		{EB4F4D1D-B1B8-4D7C-B13F-FB1B35174578}.Release|x64.Build.0 = Release|x64
		{EB4F4D1D-B1B8-4D7C-B13F-FB1B35174578}.Release|x64.Deploy.0 = Release|x64
		{EB4F4D1D-B1B8-4D7C-B13F-FB1B35174578}.Release|x86.ActiveCfg = Release|x86
		{EB4F4D1D-B1B8-4D7C-B13F-FB1B35174578}.Release|x86.Build.0 = Release|x86
		{EB4F4D1D-B1B8-4D7C-B13F-FB1B35174578}.Release|x86.Deploy.0 = Release|x86
		{5585EC86-CAA6-46BF-926F-A87D881F98E2}.Debug|Any CPU.ActiveCfg = Debug|x86
		{5585EC86-CAA6-46BF-926F-A87D881F98E2}.Debug|ARM.ActiveCfg = Debug|ARM
		{5585EC86-CAA6-46BF-926F-A87D881F98E2}.Debug|ARM.Build.0 = Debug|ARM
		{5585EC86-CAA6-46BF-926F-A87D881F98E2}.Debug|ARM.Deploy.0 = Debug|ARM
		{5585EC86-CAA6-46BF-926F-A87D881F98E2}.Debug|ARM64.ActiveCfg = Debug|ARM64
		{5585EC86-CAA6-46BF-926F-A87D881F98E2}.Debug|ARM64.Build.0 = Debug|ARM64
		{5585EC86-CAA6-46BF-926F-A87D881F98E2}.Debug|ARM64.Deploy.0 = Debug|ARM64
		{5585EC86-CAA6-46BF-926F-A87D881F98E2}.Debug|x64.ActiveCfg = Debug|x64
		{5585EC86-CAA6-46BF-926F-A87D881F98E2}.Debug|x64.Build.0 = Debug|x64
		{5585EC86-CAA6-46BF-926F-A87D881F98E2}.Debug|x64.Deploy.0 = Debug|x64
		{5585EC86-CAA6-46BF-926F-A87D881F98E2}.Debug|x86.ActiveCfg = Debug|x86
		{5585EC86-CAA6-46BF-926F-A87D881F98E2}.Debug|x86.Build.0 = Debug|x86
		{5585EC86-CAA6-46BF-926F-A87D881F98E2}.Debug|x86.Deploy.0 = Debug|x86
		{5585EC86-CAA6-46BF-926F-A87D881F98E2}.Release|Any CPU.ActiveCfg = Release|x86
		{5585EC86-CAA6-46BF-926F-A87D881F98E2}.Release|ARM.ActiveCfg = Release|ARM
		{5585EC86-CAA6-46BF-926F-A87D881F98E2}.Release|ARM.Build.0 = Release|ARM
		{5585EC86-CAA6-46BF-926F-A87D881F98E2}.Release|ARM.Deploy.0 = Release|ARM
		{5585EC86-CAA6-46BF-926F-A87D881F98E2}.Release|ARM64.ActiveCfg = Release|ARM64
		{5585EC86-CAA6-46BF-926F-A87D881F98E2}.Release|ARM64.Build.0 = Release|ARM64
		{5585EC86-CAA6-46BF-926F-A87D881F98E2}.Release|ARM64.Deploy.0 = Release|ARM64
		{5585EC86-CAA6-46BF-926F-A87D881F98E2}.Release|x64.ActiveCfg = Release|x64
		{5585EC86-CAA6-46BF-926F-A87D881F98E2}.Release|x64.Build.0 = Release|x64
		{5585EC86-CAA6-46BF-926F-A87D881F98E2}.Release|x64.Deploy.0 = Release|x64
		{5585EC86-CAA6-46BF-926F-A87D881F98E2}.Release|x86.ActiveCfg = Release|x86
		{5585EC86-CAA6-46BF-926F-A87D881F98E2}.Release|x86.Build.0 = Release|x86
		{5585EC86-CAA6-46BF-926F-A87D881F98E2}.Release|x86.Deploy.0 = Release|x86
	EndGlobalSection
	GlobalSection(SolutionProperties) = preSolution
		HideSolutionNode = FALSE
	EndGlobalSection
	GlobalSection(NestedProjects) = preSolution
		{5FC928BC-1CB7-40EC-A14B-7DFF0EC729E0} = {79012157-9A21-4FC8-BA4B-54F880651087}
		{EB4F4D1D-B1B8-4D7C-B13F-FB1B35174578} = {11F3E572-0663-40BB-BF5A-8A0934A9B1C7}
		{5585EC86-CAA6-46BF-926F-A87D881F98E2} = {999C51A8-565B-40C6-97D1-52624923DD81}
	EndGlobalSection
	GlobalSection(ExtensibilityGlobals) = postSolution
		SolutionGuid = {2B65EADE-511A-44BF-BE0B-82D9F730EA62}
	EndGlobalSection
EndGlobal
